
Microsoft Visual Studio Solution File, Format Version 12.00
# Visual Studio Version 16
VisualStudioVersion = 16.0.29230.47
MinimumVisualStudioVersion = 10.0.40219.1
Project("{FAE04EC0-301F-11D3-BF4B-00C04F79EFBC}") = "KHBC.Core", "KHBC.Core\KHBC.Core.csproj", "{99D13544-D832-426C-A4DB-237C9A686A34}"
EndProject
Project("{FAE04EC0-301F-11D3-BF4B-00C04F79EFBC}") = "KHBC.DataAccess", "KHBC.DataAccess\KHBC.DataAccess.csproj", "{EB64FAB8-204E-40D4-B003-FEED5D77F1A1}"
EndProject
Project("{2150E333-8FDC-42A3-9474-1A3956D46DE8}") = "00 Document", "00 Document", "{0B5794C4-945A-41A8-BD56-F47ABA746015}"
	ProjectSection(SolutionItems) = preProject
		项目说明.md = 项目说明.md
	EndProjectSection
EndProject
Project("{2150E333-8FDC-42A3-9474-1A3956D46DE8}") = "01 主体项目", "01 主体项目", "{753DCDCB-9E0B-45A6-8E40-D85108523B19}"
EndProject
Project("{2150E333-8FDC-42A3-9474-1A3956D46DE8}") = "02 功能项目", "02 功能项目", "{21F198DB-CDCA-4244-9B69-E86C6DEF00F0}"
EndProject
Project("{2150E333-8FDC-42A3-9474-1A3956D46DE8}") = "03 绿的项目", "03 绿的项目", "{DC77ABFF-F85F-40BC-8A22-D99F94053C16}"
EndProject
Project("{2150E333-8FDC-42A3-9474-1A3956D46DE8}") = "04 服务程序", "04 服务程序", "{F38619BC-4DC0-406F-871A-12125F03066E}"
EndProject
Project("{FAE04EC0-301F-11D3-BF4B-00C04F79EFBC}") = "KHBC.LD.ARCM", "Customer\LEADERDRIVER\KHBC.LD.ARCM\KHBC.LD.ARCM.csproj", "{235600FE-B7E5-4A81-B696-BDEE086D7F08}"
EndProject
Project("{FAE04EC0-301F-11D3-BF4B-00C04F79EFBC}") = "KHBC.LD.FCCM", "Customer\LEADERDRIVER\KHBC.LD.FCCM\KHBC.LD.FCCM.csproj", "{4BB3A091-F719-4B36-AAEA-2D3C29050E41}"
EndProject
Project("{FAE04EC0-301F-11D3-BF4B-00C04F79EFBC}") = "ProcessTool", "ProcessTool\ProcessTool.csproj", "{D0B9E15B-2A50-4964-8561-D19CEBD44080}"
EndProject
Project("{FAE04EC0-301F-11D3-BF4B-00C04F79EFBC}") = "KHBC.BPMS", "KHBC.BPMS\KHBC.BPMS.csproj", "{6A5D1FC6-B455-4F1E-815B-65DA18366FA1}"
EndProject
Project("{FAE04EC0-301F-11D3-BF4B-00C04F79EFBC}") = "KHBC.Modbus", "KHBC.Modbus\KHBC.Modbus.csproj", "{4B54BD54-1213-406C-805A-ACAF40C21692}"
EndProject
Project("{FAE04EC0-301F-11D3-BF4B-00C04F79EFBC}") = "KHBC.LD.APCM", "Customer\LEADERDRIVER\KHBC.LD.APCM\KHBC.LD.APCM.csproj", "{49DB9F2F-E4AD-4BA4-9DC5-B4E4F491373A}"
EndProject
Project("{2150E333-8FDC-42A3-9474-1A3956D46DE8}") = "产线端应用", "产线端应用", "{D05676D4-5158-43D2-BBD4-1D8EA5B9E92A}"
EndProject
Project("{2150E333-8FDC-42A3-9474-1A3956D46DE8}") = "服务端应用", "服务端应用", "{BC829339-DD57-4E60-9243-BAD07268A544}"
EndProject
Project("{FAE04EC0-301F-11D3-BF4B-00C04F79EFBC}") = "KHBC.LD.BWSI", "Customer\LEADERDRIVER\KHBC.LD.BWSI\KHBC.LD.BWSI.csproj", "{457CD4D2-BE6E-4A40-92AC-8F9B2A2BEE16}"
EndProject
Project("{FAE04EC0-301F-11D3-BF4B-00C04F79EFBC}") = "KHBC.LD.MDCI", "Customer\LEADERDRIVER\KHBC.LD.MDCI\KHBC.LD.MDCI.csproj", "{EA7DF902-D459-4DAD-8AD1-1193EE8F4002}"
EndProject
Project("{FAE04EC0-301F-11D3-BF4B-00C04F79EFBC}") = "KHBC.LD.OLCM", "Customer\LEADERDRIVER\KHBC.LD.OLCM\KHBC.LD.OLCM.csproj", "{D945CADF-3867-4427-BF18-18163E74155D}"
EndProject
Project("{FAE04EC0-301F-11D3-BF4B-00C04F79EFBC}") = "KHBC.LD.BDCI", "Customer\LEADERDRIVER\KHBC.LD.BDCI\KHBC.LD.BDCI.csproj", "{21005150-D76F-4744-B05E-1551039B4FB0}"
EndProject
Project("{FAE04EC0-301F-11D3-BF4B-00C04F79EFBC}") = "KHBC.LD.PWSI", "Customer\LEADERDRIVER\KHBC.LD.PWSI\KHBC.LD.PWSI.csproj", "{16F10B2B-1906-4765-B0B0-42CFCD393328}"
EndProject
Project("{FAE04EC0-301F-11D3-BF4B-00C04F79EFBC}") = "KHBC.LD.CLSM", "Customer\LEADERDRIVER\KHBC.LD.CLSM\KHBC.LD.CLSM.csproj", "{E6C6E6A6-6274-4067-8A86-BA45C8785F62}"
EndProject
Project("{FAE04EC0-301F-11D3-BF4B-00C04F79EFBC}") = "KHBC.LD.CWSM", "Customer\LEADERDRIVER\KHBC.LD.CWSM\KHBC.LD.CWSM.csproj", "{AA419E65-2C44-4B34-B20E-520E1F42BD82}"
EndProject
Project("{FAE04EC0-301F-11D3-BF4B-00C04F79EFBC}") = "KHBC.LD.CCSM", "Customer\LEADERDRIVER\KHBC.LD.CCSM\KHBC.LD.CCSM.csproj", "{50BEBD25-B23C-4964-846B-16F70B030FAD}"
EndProject
Project("{FAE04EC0-301F-11D3-BF4B-00C04F79EFBC}") = "KHBC.LD.OTCM", "Customer\LEADERDRIVER\KHBC.LD.OTCM\KHBC.LD.OTCM.csproj", "{1C3A8E10-37A7-45DE-916C-D6FE7E12833A}"
EndProject
Project("{FAE04EC0-301F-11D3-BF4B-00C04F79EFBC}") = "KHBC.LD.CMCM", "Customer\LEADERDRIVER\KHBC.LD.CMCM\KHBC.LD.CMCM.csproj", "{A646A4BD-1760-423E-A3B0-70F1B55E7813}"
EndProject
Project("{FAE04EC0-301F-11D3-BF4B-00C04F79EFBC}") = "KHBC.LD.OMCM", "Customer\LEADERDRIVER\KHBC.LD.OMCM\KHBC.LD.OMCM.csproj", "{3F1BC2EA-CF40-49D5-86F7-2C9DD31603D3}"
EndProject
Global
	GlobalSection(SolutionConfigurationPlatforms) = preSolution
		Debug|Any CPU = Debug|Any CPU
		Debug|x86 = Debug|x86
		Release|Any CPU = Release|Any CPU
		Release|x86 = Release|x86
	EndGlobalSection
	GlobalSection(ProjectConfigurationPlatforms) = postSolution
		{99D13544-D832-426C-A4DB-237C9A686A34}.Debug|Any CPU.ActiveCfg = Debug|Any CPU
		{99D13544-D832-426C-A4DB-237C9A686A34}.Debug|Any CPU.Build.0 = Debug|Any CPU
		{99D13544-D832-426C-A4DB-237C9A686A34}.Debug|x86.ActiveCfg = Debug|Any CPU
		{99D13544-D832-426C-A4DB-237C9A686A34}.Debug|x86.Build.0 = Debug|Any CPU
		{99D13544-D832-426C-A4DB-237C9A686A34}.Release|Any CPU.ActiveCfg = Release|Any CPU
		{99D13544-D832-426C-A4DB-237C9A686A34}.Release|Any CPU.Build.0 = Release|Any CPU
		{99D13544-D832-426C-A4DB-237C9A686A34}.Release|x86.ActiveCfg = Release|Any CPU
		{99D13544-D832-426C-A4DB-237C9A686A34}.Release|x86.Build.0 = Release|Any CPU
		{EB64FAB8-204E-40D4-B003-FEED5D77F1A1}.Debug|Any CPU.ActiveCfg = Debug|Any CPU
		{EB64FAB8-204E-40D4-B003-FEED5D77F1A1}.Debug|Any CPU.Build.0 = Debug|Any CPU
		{EB64FAB8-204E-40D4-B003-FEED5D77F1A1}.Debug|x86.ActiveCfg = Debug|Any CPU
		{EB64FAB8-204E-40D4-B003-FEED5D77F1A1}.Debug|x86.Build.0 = Debug|Any CPU
		{EB64FAB8-204E-40D4-B003-FEED5D77F1A1}.Release|Any CPU.ActiveCfg = Release|Any CPU
		{EB64FAB8-204E-40D4-B003-FEED5D77F1A1}.Release|Any CPU.Build.0 = Release|Any CPU
		{EB64FAB8-204E-40D4-B003-FEED5D77F1A1}.Release|x86.ActiveCfg = Release|Any CPU
		{EB64FAB8-204E-40D4-B003-FEED5D77F1A1}.Release|x86.Build.0 = Release|Any CPU
		{235600FE-B7E5-4A81-B696-BDEE086D7F08}.Debug|Any CPU.ActiveCfg = Debug|Any CPU
		{235600FE-B7E5-4A81-B696-BDEE086D7F08}.Debug|Any CPU.Build.0 = Debug|Any CPU
		{235600FE-B7E5-4A81-B696-BDEE086D7F08}.Debug|x86.ActiveCfg = Debug|Any CPU
		{235600FE-B7E5-4A81-B696-BDEE086D7F08}.Debug|x86.Build.0 = Debug|Any CPU
		{235600FE-B7E5-4A81-B696-BDEE086D7F08}.Release|Any CPU.ActiveCfg = Release|Any CPU
		{235600FE-B7E5-4A81-B696-BDEE086D7F08}.Release|Any CPU.Build.0 = Release|Any CPU
		{235600FE-B7E5-4A81-B696-BDEE086D7F08}.Release|x86.ActiveCfg = Release|Any CPU
		{235600FE-B7E5-4A81-B696-BDEE086D7F08}.Release|x86.Build.0 = Release|Any CPU
		{4BB3A091-F719-4B36-AAEA-2D3C29050E41}.Debug|Any CPU.ActiveCfg = Debug|Any CPU
		{4BB3A091-F719-4B36-AAEA-2D3C29050E41}.Debug|Any CPU.Build.0 = Debug|Any CPU
		{4BB3A091-F719-4B36-AAEA-2D3C29050E41}.Debug|x86.ActiveCfg = Debug|Any CPU
		{4BB3A091-F719-4B36-AAEA-2D3C29050E41}.Debug|x86.Build.0 = Debug|Any CPU
		{4BB3A091-F719-4B36-AAEA-2D3C29050E41}.Release|Any CPU.ActiveCfg = Release|Any CPU
		{4BB3A091-F719-4B36-AAEA-2D3C29050E41}.Release|Any CPU.Build.0 = Release|Any CPU
		{4BB3A091-F719-4B36-AAEA-2D3C29050E41}.Release|x86.ActiveCfg = Release|Any CPU
		{4BB3A091-F719-4B36-AAEA-2D3C29050E41}.Release|x86.Build.0 = Release|Any CPU
		{D0B9E15B-2A50-4964-8561-D19CEBD44080}.Debug|Any CPU.ActiveCfg = Debug|Any CPU
		{D0B9E15B-2A50-4964-8561-D19CEBD44080}.Debug|Any CPU.Build.0 = Debug|Any CPU
		{D0B9E15B-2A50-4964-8561-D19CEBD44080}.Debug|x86.ActiveCfg = Debug|Any CPU
		{D0B9E15B-2A50-4964-8561-D19CEBD44080}.Debug|x86.Build.0 = Debug|Any CPU
		{D0B9E15B-2A50-4964-8561-D19CEBD44080}.Release|Any CPU.ActiveCfg = Release|Any CPU
		{D0B9E15B-2A50-4964-8561-D19CEBD44080}.Release|Any CPU.Build.0 = Release|Any CPU
		{D0B9E15B-2A50-4964-8561-D19CEBD44080}.Release|x86.ActiveCfg = Release|Any CPU
		{D0B9E15B-2A50-4964-8561-D19CEBD44080}.Release|x86.Build.0 = Release|Any CPU
		{6A5D1FC6-B455-4F1E-815B-65DA18366FA1}.Debug|Any CPU.ActiveCfg = Debug|Any CPU
		{6A5D1FC6-B455-4F1E-815B-65DA18366FA1}.Debug|Any CPU.Build.0 = Debug|Any CPU
		{6A5D1FC6-B455-4F1E-815B-65DA18366FA1}.Debug|x86.ActiveCfg = Debug|Any CPU
		{6A5D1FC6-B455-4F1E-815B-65DA18366FA1}.Debug|x86.Build.0 = Debug|Any CPU
		{6A5D1FC6-B455-4F1E-815B-65DA18366FA1}.Release|Any CPU.ActiveCfg = Release|Any CPU
		{6A5D1FC6-B455-4F1E-815B-65DA18366FA1}.Release|Any CPU.Build.0 = Release|Any CPU
		{6A5D1FC6-B455-4F1E-815B-65DA18366FA1}.Release|x86.ActiveCfg = Release|Any CPU
		{6A5D1FC6-B455-4F1E-815B-65DA18366FA1}.Release|x86.Build.0 = Release|Any CPU
		{4B54BD54-1213-406C-805A-ACAF40C21692}.Debug|Any CPU.ActiveCfg = Debug|Any CPU
		{4B54BD54-1213-406C-805A-ACAF40C21692}.Debug|Any CPU.Build.0 = Debug|Any CPU
		{4B54BD54-1213-406C-805A-ACAF40C21692}.Debug|x86.ActiveCfg = Debug|Any CPU
		{4B54BD54-1213-406C-805A-ACAF40C21692}.Debug|x86.Build.0 = Debug|Any CPU
		{4B54BD54-1213-406C-805A-ACAF40C21692}.Release|Any CPU.ActiveCfg = Release|Any CPU
		{4B54BD54-1213-406C-805A-ACAF40C21692}.Release|Any CPU.Build.0 = Release|Any CPU
		{4B54BD54-1213-406C-805A-ACAF40C21692}.Release|x86.ActiveCfg = Release|Any CPU
		{4B54BD54-1213-406C-805A-ACAF40C21692}.Release|x86.Build.0 = Release|Any CPU
		{49DB9F2F-E4AD-4BA4-9DC5-B4E4F491373A}.Debug|Any CPU.ActiveCfg = Debug|Any CPU
		{49DB9F2F-E4AD-4BA4-9DC5-B4E4F491373A}.Debug|Any CPU.Build.0 = Debug|Any CPU
		{49DB9F2F-E4AD-4BA4-9DC5-B4E4F491373A}.Debug|x86.ActiveCfg = Debug|Any CPU
		{49DB9F2F-E4AD-4BA4-9DC5-B4E4F491373A}.Debug|x86.Build.0 = Debug|Any CPU
		{49DB9F2F-E4AD-4BA4-9DC5-B4E4F491373A}.Release|Any CPU.ActiveCfg = Release|Any CPU
		{49DB9F2F-E4AD-4BA4-9DC5-B4E4F491373A}.Release|Any CPU.Build.0 = Release|Any CPU
		{49DB9F2F-E4AD-4BA4-9DC5-B4E4F491373A}.Release|x86.ActiveCfg = Release|Any CPU
		{49DB9F2F-E4AD-4BA4-9DC5-B4E4F491373A}.Release|x86.Build.0 = Release|Any CPU
		{457CD4D2-BE6E-4A40-92AC-8F9B2A2BEE16}.Debug|Any CPU.ActiveCfg = Debug|Any CPU
		{457CD4D2-BE6E-4A40-92AC-8F9B2A2BEE16}.Debug|Any CPU.Build.0 = Debug|Any CPU
		{457CD4D2-BE6E-4A40-92AC-8F9B2A2BEE16}.Debug|x86.ActiveCfg = Debug|Any CPU
		{457CD4D2-BE6E-4A40-92AC-8F9B2A2BEE16}.Debug|x86.Build.0 = Debug|Any CPU
		{457CD4D2-BE6E-4A40-92AC-8F9B2A2BEE16}.Release|Any CPU.ActiveCfg = Release|Any CPU
		{457CD4D2-BE6E-4A40-92AC-8F9B2A2BEE16}.Release|Any CPU.Build.0 = Release|Any CPU
		{457CD4D2-BE6E-4A40-92AC-8F9B2A2BEE16}.Release|x86.ActiveCfg = Release|Any CPU
		{457CD4D2-BE6E-4A40-92AC-8F9B2A2BEE16}.Release|x86.Build.0 = Release|Any CPU
		{EA7DF902-D459-4DAD-8AD1-1193EE8F4002}.Debug|Any CPU.ActiveCfg = Debug|Any CPU
		{EA7DF902-D459-4DAD-8AD1-1193EE8F4002}.Debug|Any CPU.Build.0 = Debug|Any CPU
		{EA7DF902-D459-4DAD-8AD1-1193EE8F4002}.Debug|x86.ActiveCfg = Debug|Any CPU
		{EA7DF902-D459-4DAD-8AD1-1193EE8F4002}.Debug|x86.Build.0 = Debug|Any CPU
		{EA7DF902-D459-4DAD-8AD1-1193EE8F4002}.Release|Any CPU.ActiveCfg = Release|Any CPU
		{EA7DF902-D459-4DAD-8AD1-1193EE8F4002}.Release|Any CPU.Build.0 = Release|Any CPU
		{EA7DF902-D459-4DAD-8AD1-1193EE8F4002}.Release|x86.ActiveCfg = Release|Any CPU
		{EA7DF902-D459-4DAD-8AD1-1193EE8F4002}.Release|x86.Build.0 = Release|Any CPU
		{D945CADF-3867-4427-BF18-18163E74155D}.Debug|Any CPU.ActiveCfg = Debug|Any CPU
		{D945CADF-3867-4427-BF18-18163E74155D}.Debug|Any CPU.Build.0 = Debug|Any CPU
		{D945CADF-3867-4427-BF18-18163E74155D}.Debug|x86.ActiveCfg = Debug|Any CPU
		{D945CADF-3867-4427-BF18-18163E74155D}.Debug|x86.Build.0 = Debug|Any CPU
		{D945CADF-3867-4427-BF18-18163E74155D}.Release|Any CPU.ActiveCfg = Release|Any CPU
		{D945CADF-3867-4427-BF18-18163E74155D}.Release|Any CPU.Build.0 = Release|Any CPU
		{D945CADF-3867-4427-BF18-18163E74155D}.Release|x86.ActiveCfg = Release|Any CPU
		{D945CADF-3867-4427-BF18-18163E74155D}.Release|x86.Build.0 = Release|Any CPU
		{21005150-D76F-4744-B05E-1551039B4FB0}.Debug|Any CPU.ActiveCfg = Debug|Any CPU
		{21005150-D76F-4744-B05E-1551039B4FB0}.Debug|Any CPU.Build.0 = Debug|Any CPU
		{21005150-D76F-4744-B05E-1551039B4FB0}.Debug|x86.ActiveCfg = Debug|Any CPU
		{21005150-D76F-4744-B05E-1551039B4FB0}.Debug|x86.Build.0 = Debug|Any CPU
		{21005150-D76F-4744-B05E-1551039B4FB0}.Release|Any CPU.ActiveCfg = Release|Any CPU
		{21005150-D76F-4744-B05E-1551039B4FB0}.Release|Any CPU.Build.0 = Release|Any CPU
		{21005150-D76F-4744-B05E-1551039B4FB0}.Release|x86.ActiveCfg = Release|Any CPU
		{21005150-D76F-4744-B05E-1551039B4FB0}.Release|x86.Build.0 = Release|Any CPU
		{16F10B2B-1906-4765-B0B0-42CFCD393328}.Debug|Any CPU.ActiveCfg = Debug|Any CPU
		{16F10B2B-1906-4765-B0B0-42CFCD393328}.Debug|Any CPU.Build.0 = Debug|Any CPU
		{16F10B2B-1906-4765-B0B0-42CFCD393328}.Debug|x86.ActiveCfg = Debug|Any CPU
		{16F10B2B-1906-4765-B0B0-42CFCD393328}.Debug|x86.Build.0 = Debug|Any CPU
		{16F10B2B-1906-4765-B0B0-42CFCD393328}.Release|Any CPU.ActiveCfg = Release|Any CPU
		{16F10B2B-1906-4765-B0B0-42CFCD393328}.Release|Any CPU.Build.0 = Release|Any CPU
		{16F10B2B-1906-4765-B0B0-42CFCD393328}.Release|x86.ActiveCfg = Release|Any CPU
		{16F10B2B-1906-4765-B0B0-42CFCD393328}.Release|x86.Build.0 = Release|Any CPU
		{E6C6E6A6-6274-4067-8A86-BA45C8785F62}.Debug|Any CPU.ActiveCfg = Debug|Any CPU
		{E6C6E6A6-6274-4067-8A86-BA45C8785F62}.Debug|Any CPU.Build.0 = Debug|Any CPU
		{E6C6E6A6-6274-4067-8A86-BA45C8785F62}.Debug|x86.ActiveCfg = Debug|Any CPU
		{E6C6E6A6-6274-4067-8A86-BA45C8785F62}.Debug|x86.Build.0 = Debug|Any CPU
		{E6C6E6A6-6274-4067-8A86-BA45C8785F62}.Release|Any CPU.ActiveCfg = Release|Any CPU
		{E6C6E6A6-6274-4067-8A86-BA45C8785F62}.Release|Any CPU.Build.0 = Release|Any CPU
		{E6C6E6A6-6274-4067-8A86-BA45C8785F62}.Release|x86.ActiveCfg = Release|Any CPU
		{E6C6E6A6-6274-4067-8A86-BA45C8785F62}.Release|x86.Build.0 = Release|Any CPU
		{AA419E65-2C44-4B34-B20E-520E1F42BD82}.Debug|Any CPU.ActiveCfg = Debug|Any CPU
		{AA419E65-2C44-4B34-B20E-520E1F42BD82}.Debug|Any CPU.Build.0 = Debug|Any CPU
		{AA419E65-2C44-4B34-B20E-520E1F42BD82}.Debug|x86.ActiveCfg = Debug|Any CPU
		{AA419E65-2C44-4B34-B20E-520E1F42BD82}.Debug|x86.Build.0 = Debug|Any CPU
		{AA419E65-2C44-4B34-B20E-520E1F42BD82}.Release|Any CPU.ActiveCfg = Release|Any CPU
		{AA419E65-2C44-4B34-B20E-520E1F42BD82}.Release|Any CPU.Build.0 = Release|Any CPU
		{AA419E65-2C44-4B34-B20E-520E1F42BD82}.Release|x86.ActiveCfg = Release|Any CPU
		{AA419E65-2C44-4B34-B20E-520E1F42BD82}.Release|x86.Build.0 = Release|Any CPU
		{50BEBD25-B23C-4964-846B-16F70B030FAD}.Debug|Any CPU.ActiveCfg = Debug|Any CPU
		{50BEBD25-B23C-4964-846B-16F70B030FAD}.Debug|Any CPU.Build.0 = Debug|Any CPU
		{50BEBD25-B23C-4964-846B-16F70B030FAD}.Debug|x86.ActiveCfg = Debug|Any CPU
		{50BEBD25-B23C-4964-846B-16F70B030FAD}.Debug|x86.Build.0 = Debug|Any CPU
		{50BEBD25-B23C-4964-846B-16F70B030FAD}.Release|Any CPU.ActiveCfg = Release|Any CPU
		{50BEBD25-B23C-4964-846B-16F70B030FAD}.Release|Any CPU.Build.0 = Release|Any CPU
		{50BEBD25-B23C-4964-846B-16F70B030FAD}.Release|x86.ActiveCfg = Release|Any CPU
		{50BEBD25-B23C-4964-846B-16F70B030FAD}.Release|x86.Build.0 = Release|Any CPU
		{1C3A8E10-37A7-45DE-916C-D6FE7E12833A}.Debug|Any CPU.ActiveCfg = Debug|Any CPU
		{1C3A8E10-37A7-45DE-916C-D6FE7E12833A}.Debug|Any CPU.Build.0 = Debug|Any CPU
		{1C3A8E10-37A7-45DE-916C-D6FE7E12833A}.Debug|x86.ActiveCfg = Debug|Any CPU
		{1C3A8E10-37A7-45DE-916C-D6FE7E12833A}.Debug|x86.Build.0 = Debug|Any CPU
		{1C3A8E10-37A7-45DE-916C-D6FE7E12833A}.Release|Any CPU.ActiveCfg = Release|Any CPU
		{1C3A8E10-37A7-45DE-916C-D6FE7E12833A}.Release|Any CPU.Build.0 = Release|Any CPU
		{1C3A8E10-37A7-45DE-916C-D6FE7E12833A}.Release|x86.ActiveCfg = Release|Any CPU
		{1C3A8E10-37A7-45DE-916C-D6FE7E12833A}.Release|x86.Build.0 = Release|Any CPU
		{A646A4BD-1760-423E-A3B0-70F1B55E7813}.Debug|Any CPU.ActiveCfg = Debug|Any CPU
		{A646A4BD-1760-423E-A3B0-70F1B55E7813}.Debug|Any CPU.Build.0 = Debug|Any CPU
		{A646A4BD-1760-423E-A3B0-70F1B55E7813}.Debug|x86.ActiveCfg = Debug|Any CPU
		{A646A4BD-1760-423E-A3B0-70F1B55E7813}.Debug|x86.Build.0 = Debug|Any CPU
		{A646A4BD-1760-423E-A3B0-70F1B55E7813}.Release|Any CPU.ActiveCfg = Release|Any CPU
		{A646A4BD-1760-423E-A3B0-70F1B55E7813}.Release|Any CPU.Build.0 = Release|Any CPU
		{A646A4BD-1760-423E-A3B0-70F1B55E7813}.Release|x86.ActiveCfg = Release|Any CPU
		{A646A4BD-1760-423E-A3B0-70F1B55E7813}.Release|x86.Build.0 = Release|Any CPU
		{3F1BC2EA-CF40-49D5-86F7-2C9DD31603D3}.Debug|Any CPU.ActiveCfg = Debug|Any CPU
		{3F1BC2EA-CF40-49D5-86F7-2C9DD31603D3}.Debug|Any CPU.Build.0 = Debug|Any CPU
		{3F1BC2EA-CF40-49D5-86F7-2C9DD31603D3}.Debug|x86.ActiveCfg = Debug|Any CPU
		{3F1BC2EA-CF40-49D5-86F7-2C9DD31603D3}.Debug|x86.Build.0 = Debug|Any CPU
		{3F1BC2EA-CF40-49D5-86F7-2C9DD31603D3}.Release|Any CPU.ActiveCfg = Release|Any CPU
		{3F1BC2EA-CF40-49D5-86F7-2C9DD31603D3}.Release|Any CPU.Build.0 = Release|Any CPU
		{3F1BC2EA-CF40-49D5-86F7-2C9DD31603D3}.Release|x86.ActiveCfg = Release|Any CPU
		{3F1BC2EA-CF40-49D5-86F7-2C9DD31603D3}.Release|x86.Build.0 = Release|Any CPU
	EndGlobalSection
	GlobalSection(SolutionProperties) = preSolution
		HideSolutionNode = FALSE
	EndGlobalSection
	GlobalSection(NestedProjects) = preSolution
		{99D13544-D832-426C-A4DB-237C9A686A34} = {753DCDCB-9E0B-45A6-8E40-D85108523B19}
		{EB64FAB8-204E-40D4-B003-FEED5D77F1A1} = {21F198DB-CDCA-4244-9B69-E86C6DEF00F0}
		{21F198DB-CDCA-4244-9B69-E86C6DEF00F0} = {753DCDCB-9E0B-45A6-8E40-D85108523B19}
		{235600FE-B7E5-4A81-B696-BDEE086D7F08} = {D05676D4-5158-43D2-BBD4-1D8EA5B9E92A}
		{4BB3A091-F719-4B36-AAEA-2D3C29050E41} = {D05676D4-5158-43D2-BBD4-1D8EA5B9E92A}
		{D0B9E15B-2A50-4964-8561-D19CEBD44080} = {F38619BC-4DC0-406F-871A-12125F03066E}
		{6A5D1FC6-B455-4F1E-815B-65DA18366FA1} = {F38619BC-4DC0-406F-871A-12125F03066E}
		{4B54BD54-1213-406C-805A-ACAF40C21692} = {21F198DB-CDCA-4244-9B69-E86C6DEF00F0}
		{49DB9F2F-E4AD-4BA4-9DC5-B4E4F491373A} = {D05676D4-5158-43D2-BBD4-1D8EA5B9E92A}
		{D05676D4-5158-43D2-BBD4-1D8EA5B9E92A} = {DC77ABFF-F85F-40BC-8A22-D99F94053C16}
		{BC829339-DD57-4E60-9243-BAD07268A544} = {DC77ABFF-F85F-40BC-8A22-D99F94053C16}
		{457CD4D2-BE6E-4A40-92AC-8F9B2A2BEE16} = {BC829339-DD57-4E60-9243-BAD07268A544}
		{EA7DF902-D459-4DAD-8AD1-1193EE8F4002} = {BC829339-DD57-4E60-9243-BAD07268A544}
		{D945CADF-3867-4427-BF18-18163E74155D} = {D05676D4-5158-43D2-BBD4-1D8EA5B9E92A}
		{21005150-D76F-4744-B05E-1551039B4FB0} = {BC829339-DD57-4E60-9243-BAD07268A544}
		{16F10B2B-1906-4765-B0B0-42CFCD393328} = {D05676D4-5158-43D2-BBD4-1D8EA5B9E92A}
		{E6C6E6A6-6274-4067-8A86-BA45C8785F62} = {BC829339-DD57-4E60-9243-BAD07268A544}
		{AA419E65-2C44-4B34-B20E-520E1F42BD82} = {BC829339-DD57-4E60-9243-BAD07268A544}
		{50BEBD25-B23C-4964-846B-16F70B030FAD} = {BC829339-DD57-4E60-9243-BAD07268A544}
		{1C3A8E10-37A7-45DE-916C-D6FE7E12833A} = {D05676D4-5158-43D2-BBD4-1D8EA5B9E92A}
		{A646A4BD-1760-423E-A3B0-70F1B55E7813} = {D05676D4-5158-43D2-BBD4-1D8EA5B9E92A}
		{3F1BC2EA-CF40-49D5-86F7-2C9DD31603D3} = {D05676D4-5158-43D2-BBD4-1D8EA5B9E92A}
	EndGlobalSection
	GlobalSection(ExtensibilityGlobals) = postSolution
		SolutionGuid = {E8BD54BA-37FE-4374-8971-680A6FFE8C54}
	EndGlobalSection
EndGlobal
